{
  "nodes": {
    "home-manager": {
      "inputs": {
        "nixpkgs": [
          "nixpkgs"
        ],
        "utils": "utils"
      },
      "locked": {
        "lastModified": 1664573442,
        "narHash": "sha256-AovlSIuJfMf8n9QLNUVtsCul+NVHIoen7APH2fLls3k=",
        "owner": "nix-community",
        "repo": "home-manager",
        "rev": "a7f0cc2d7b271b4a5df9b9e351d556c172f7e903",
        "type": "github"
      },
      "original": {
        "owner": "nix-community",
        "ref": "master",
        "repo": "home-manager",
        "type": "github"
      }
    },
    "mesa-git-src": {
      "flake": false,
      "locked": {
        "narHash": "sha256-l+pns10kNJrrzubvlYh4EHDMUqKQl1on9HDHEUcVDRk=",
        "type": "tarball",
        "url": "https://gitlab.freedesktop.org/mesa/mesa/-/archive/main/mesa-main.tar.gz"
      },
      "original": {
        "type": "tarball",
        "url": "https://gitlab.freedesktop.org/mesa/mesa/-/archive/main/mesa-main.tar.gz"
      }
    },
    "nix-gaming": {
      "inputs": {
        "nixpkgs": "nixpkgs"
      },
      "locked": {
        "lastModified": 1663865889,
        "narHash": "sha256-SThS7lsMhxca0yL49o+iOKKEnQYnujkVy98xxMQAw3o=",
        "owner": "fufexan",
        "repo": "nix-gaming",
        "rev": "da708ebb8bf5689582442f108470383e1de10e95",
        "type": "github"
      },
      "original": {
        "owner": "fufexan",
        "repo": "nix-gaming",
        "type": "github"
      }
    },
    "nixpkgs": {
      "locked": {
        "lastModified": 1663491030,
        "narHash": "sha256-MVsfBhE9US5DvLtBAaTRjwYdv1tLO8xjahM8qLXTgTo=",
        "owner": "NixOS",
        "repo": "nixpkgs",
        "rev": "767542707d394ff15ac1981e903e005ba69528b5",
        "type": "github"
      },
      "original": {
        "owner": "NixOS",
        "ref": "nixpkgs-unstable",
        "repo": "nixpkgs",
        "type": "github"
      }
    },
    "nixpkgs_2": {
      "locked": {
        "lastModified": 1664676151,
        "narHash": "sha256-Z1SgO3HP2yGVkOne67Tv7BtGDC7oXw2cbDwVP8KjyT0=",
        "owner": "NixOS",
        "repo": "nixpkgs",
        "rev": "8e0f159ff2d17faabbce0d60b14f50710e882eab",
        "type": "github"
      },
      "original": {
        "owner": "NixOS",
        "ref": "nixpkgs-unstable",
        "repo": "nixpkgs",
        "type": "github"
      }
    },
    "root": {
      "inputs": {
        "home-manager": "home-manager",
        "mesa-git-src": "mesa-git-src",
        "nix-gaming": "nix-gaming",
        "nix-gaming-edge": [
          "nix-gaming"
        ],
        "nixpkgs": "nixpkgs_2",
        "zfs-staging": "zfs-staging"
      }
    },
    "utils": {
      "locked": {
        "lastModified": 1659877975,
        "narHash": "sha256-zllb8aq3YO3h8B/U0/J1WBgAL8EX5yWf5pMj3G0NAmc=",
        "owner": "numtide",
        "repo": "flake-utils",
        "rev": "c0e246b9b83f637f4681389ecabcb2681b4f3af0",
        "type": "github"
      },
      "original": {
        "owner": "numtide",
        "repo": "flake-utils",
        "type": "github"
      }
    },
    "zfs-staging": {
      "flake": false,
      "locked": {
        "lastModified": 1664411110,
        "narHash": "sha256-gd5WlNtnoSiVj4sKUGf0WhR7Z1GPebwu3Z1mkNsoC/I=",
        "owner": "tonyhutter",
        "repo": "zfs",
        "rev": "6a6bd493988c75331deab06e5352a9bed035a87d",
        "type": "github"
      },
      "original": {
        "owner": "tonyhutter",
        "ref": "zfs-2.1.6-hutter",
        "repo": "zfs",
        "type": "github"
      }
    }
  },
  "root": "root",
  "version": 7
}
