{
  "nodes": {
    "home-manager": {
      "inputs": {
        "nixpkgs": [
          "nixpkgs"
        ],
        "utils": "utils"
      },
      "locked": {
        "lastModified": 1669978198,
        "narHash": "sha256-U8sZFwIIDFm9w/Kx58sYrIsWpuQUKmkcQmdBkuQ+gkE=",
        "owner": "nix-community",
        "repo": "home-manager",
        "rev": "71fa4cdf9cd89a3e0d452439b6a2f7f01d6292e9",
        "type": "github"
      },
      "original": {
        "owner": "nix-community",
        "ref": "master",
        "repo": "home-manager",
        "type": "github"
      }
    },
    "impermanence": {
      "locked": {
        "lastModified": 1668668915,
        "narHash": "sha256-QjY4ZZbs9shwO4LaLpvlU2bO9J1juYhO9NtV3nrbnYQ=",
        "owner": "nix-community",
        "repo": "impermanence",
        "rev": "5df9108b346f8a42021bf99e50de89c9caa251c3",
        "type": "github"
      },
      "original": {
        "owner": "nix-community",
        "repo": "impermanence",
        "type": "github"
      }
    },
    "mesa-git-src": {
      "flake": false,
      "locked": {
        "lastModified": 1669989075,
        "narHash": "sha256-I6unXaouojhi4k/iAEk13JfOuU1wfzR7VQ6IBKjpkek=",
        "owner": "Mesa3D",
        "repo": "mesa",
        "rev": "f7e76eee28a179f85a5e1eb88adebd1b5b08c7bb",
        "type": "github"
      },
      "original": {
        "owner": "Mesa3D",
        "ref": "main",
        "repo": "mesa",
        "type": "github"
      }
    },
    "nix-gaming": {
      "inputs": {
        "nixpkgs": "nixpkgs"
      },
      "locked": {
        "lastModified": 1669128192,
        "narHash": "sha256-iBkK3E/S4XfQDi+2hr8WWitiIUZ5EWsmfTcR4jbIPNA=",
        "owner": "fufexan",
        "repo": "nix-gaming",
        "rev": "9f96bd578ee5c1511535adccd295383d79fb791d",
        "type": "github"
      },
      "original": {
        "owner": "fufexan",
        "repo": "nix-gaming",
        "type": "github"
      }
    },
    "nix-gaming-edge": {
      "inputs": {
        "nixpkgs": [
          "nixpkgs"
        ]
      },
      "locked": {
        "lastModified": 1669128192,
        "narHash": "sha256-iBkK3E/S4XfQDi+2hr8WWitiIUZ5EWsmfTcR4jbIPNA=",
        "owner": "fufexan",
        "repo": "nix-gaming",
        "rev": "9f96bd578ee5c1511535adccd295383d79fb791d",
        "type": "github"
      },
      "original": {
        "owner": "fufexan",
        "repo": "nix-gaming",
        "type": "github"
      }
    },
    "nixpkgs": {
      "locked": {
        "lastModified": 1663491030,
        "narHash": "sha256-MVsfBhE9US5DvLtBAaTRjwYdv1tLO8xjahM8qLXTgTo=",
        "owner": "NixOS",
        "repo": "nixpkgs",
        "rev": "767542707d394ff15ac1981e903e005ba69528b5",
        "type": "github"
      },
      "original": {
        "owner": "NixOS",
        "ref": "nixpkgs-unstable",
        "repo": "nixpkgs",
        "type": "github"
      }
    },
    "nixpkgs_2": {
      "locked": {
        "lastModified": 1669927173,
        "narHash": "sha256-Z7rSKzC5OuWv5Q7RRNQPZb0jVJRJk0BJB6/fGZzaAIU=",
        "owner": "NixOS",
        "repo": "nixpkgs",
        "rev": "9063accddd2e68dcc71032459a58399e977374c9",
        "type": "github"
      },
      "original": {
        "owner": "NixOS",
        "ref": "nixpkgs-unstable",
        "repo": "nixpkgs",
        "type": "github"
      }
    },
    "pedrochrome-css": {
      "flake": false,
      "locked": {
        "lastModified": 1666181022,
        "narHash": "sha256-Pt1vCLB8dGREPzbbbpls9KrioJlGI8ecz0vcsLu6OTs=",
        "ref": "refs/heads/master",
        "rev": "8d3bb4a9e95eb312bb64dffbac0278f4ec7e071a",
        "revCount": 3,
        "type": "git",
        "url": "https://gist.github.com/3c52f40134eeadf689d6269f271c755b.git"
      },
      "original": {
        "type": "git",
        "url": "https://gist.github.com/3c52f40134eeadf689d6269f271c755b.git"
      }
    },
    "root": {
      "inputs": {
        "home-manager": "home-manager",
        "impermanence": "impermanence",
        "mesa-git-src": "mesa-git-src",
        "nix-gaming": "nix-gaming",
        "nix-gaming-edge": "nix-gaming-edge",
        "nixpkgs": "nixpkgs_2",
        "pedrochrome-css": "pedrochrome-css"
      }
    },
    "utils": {
      "locked": {
        "lastModified": 1667395993,
        "narHash": "sha256-nuEHfE/LcWyuSWnS8t12N1wc105Qtau+/OdUAjtQ0rA=",
        "owner": "numtide",
        "repo": "flake-utils",
        "rev": "5aed5285a952e0b949eb3ba02c12fa4fcfef535f",
        "type": "github"
      },
      "original": {
        "owner": "numtide",
        "repo": "flake-utils",
        "type": "github"
      }
    }
  },
  "root": "root",
  "version": 7
}
